{
  "name": "node-red-contrib-hebcal",
  "version": "1.0.0",
  "lockfileVersion": 2,
  "requires": true,
  "packages": {
    "": {
      "version": "1.0.0",
      "license": "ISC",
      "dependencies": {
        "@hebcal/core": "^3.19.0"
      }
    },
    "node_modules/@hebcal/core": {
      "version": "3.20.3",
      "resolved": "https://registry.npmjs.org/@hebcal/core/-/core-3.20.3.tgz",
      "integrity": "sha512-HSFsB2/lIZOr/EHLk/OApOvpsrmh6Jqi2Yz9lQjMnBruI01KQj7amWj964LdfH0CgztnlA5sDy9hhVE/bcpMhg==",
      "engines": {
        "node": ">=10.21.0"
      }
    }
  },
  "dependencies": {
    "@hebcal/core": {
      "version": "3.20.3",
      "resolved": "https://registry.npmjs.org/@hebcal/core/-/core-3.20.3.tgz",
      "integrity": "sha512-HSFsB2/lIZOr/EHLk/OApOvpsrmh6Jqi2Yz9lQjMnBruI01KQj7amWj964LdfH0CgztnlA5sDy9hhVE/bcpMhg=="
    }
  }
}
